
Microsoft Visual Studio Solution File, Format Version 12.00
# Visual Studio Version 16
VisualStudioVersion = 16.0.31729.503
MinimumVisualStudioVersion = 10.0.40219.1
Project("{9A19103F-16F7-4668-BE54-9A1E7A4F7556}") = "LibraryAPI", "LibraryAPI\LibraryAPI.csproj", "{5310C711-5E75-4569-AC6D-CB1B2258FD0B}"
EndProject
Project("{FAE04EC0-301F-11D3-BF4B-00C04F79EFBC}") = "WebApiTest", "WebApiTest\WebApiTest.csproj", "{F21FED10-FAFD-48CA-ACBC-76351FC58590}"
EndProject
Global
	GlobalSection(SolutionConfigurationPlatforms) = preSolution
		Debug|Any CPU = Debug|Any CPU
		Release|Any CPU = Release|Any CPU
	EndGlobalSection
	GlobalSection(ProjectConfigurationPlatforms) = postSolution
		{5310C711-5E75-4569-AC6D-CB1B2258FD0B}.Debug|Any CPU.ActiveCfg = Debug|Any CPU
		{5310C711-5E75-4569-AC6D-CB1B2258FD0B}.Debug|Any CPU.Build.0 = Debug|Any CPU
		{5310C711-5E75-4569-AC6D-CB1B2258FD0B}.Release|Any CPU.ActiveCfg = Release|Any CPU
		{5310C711-5E75-4569-AC6D-CB1B2258FD0B}.Release|Any CPU.Build.0 = Release|Any CPU
		{F21FED10-FAFD-48CA-ACBC-76351FC58590}.Debug|Any CPU.ActiveCfg = Debug|Any CPU
		{F21FED10-FAFD-48CA-ACBC-76351FC58590}.Debug|Any CPU.Build.0 = Debug|Any CPU
		{F21FED10-FAFD-48CA-ACBC-76351FC58590}.Release|Any CPU.ActiveCfg = Release|Any CPU
		{F21FED10-FAFD-48CA-ACBC-76351FC58590}.Release|Any CPU.Build.0 = Release|Any CPU
	EndGlobalSection
	GlobalSection(SolutionProperties) = preSolution
		HideSolutionNode = FALSE
	EndGlobalSection
	GlobalSection(ExtensibilityGlobals) = postSolution
		SolutionGuid = {73791FD9-A243-47EF-B01A-69410FA23F20}
	EndGlobalSection
EndGlobal
